
Microsoft Visual Studio Solution File, Format Version 12.00
# Visual Studio 15
VisualStudioVersion = 15.0.28307.1500
MinimumVisualStudioVersion = 10.0.40219.1
Project("{F184B08F-C81C-45F6-A57F-5ABD9991F28F}") = "Student Management system", "Student Management system\Student Management system.vbproj", "{310BDB10-0934-4D50-A6DC-229674DA4F7E}"
EndProject
Global
	GlobalSection(SolutionConfigurationPlatforms) = preSolution
		Debug|Any CPU = Debug|Any CPU
		Release|Any CPU = Release|Any CPU
	EndGlobalSection
	GlobalSection(ProjectConfigurationPlatforms) = postSolution
		{310BDB10-0934-4D50-A6DC-229674DA4F7E}.Debug|Any CPU.ActiveCfg = Debug|Any CPU
		{310BDB10-0934-4D50-A6DC-229674DA4F7E}.Debug|Any CPU.Build.0 = Debug|Any CPU
		{310BDB10-0934-4D50-A6DC-229674DA4F7E}.Release|Any CPU.ActiveCfg = Release|Any CPU
		{310BDB10-0934-4D50-A6DC-229674DA4F7E}.Release|Any CPU.Build.0 = Release|Any CPU
	EndGlobalSection
	GlobalSection(SolutionProperties) = preSolution
		HideSolutionNode = FALSE
	EndGlobalSection
	GlobalSection(ExtensibilityGlobals) = postSolution
		SolutionGuid = {1DEC42D0-73B7-4089-B4C5-7769585401D7}
	EndGlobalSection
EndGlobal
